// !$*UTF8*$!
{
	archiveVersion = 1;
	classes = {
	};
	objectVersion = 46;
	objects = {

/* Begin PBXBuildFile section */
		B3B64C38193C5E9600A5CD5D /* Foundation.framework in Frameworks */ = {isa = PBXBuildFile; fileRef = B3B64C37193C5E9600A5CD5D /* Foundation.framework */; };
		B3B64C3A193C5E9600A5CD5D /* CoreGraphics.framework in Frameworks */ = {isa = PBXBuildFile; fileRef = B3B64C39193C5E9600A5CD5D /* CoreGraphics.framework */; };
		B3B64C3C193C5E9600A5CD5D /* UIKit.framework in Frameworks */ = {isa = PBXBuildFile; fileRef = B3B64C3B193C5E9600A5CD5D /* UIKit.framework */; };
		B3B64C42193C5E9600A5CD5D /* InfoPlist.strings in Resources */ = {isa = PBXBuildFile; fileRef = B3B64C40193C5E9600A5CD5D /* InfoPlist.strings */; };
		B3B64C44193C5E9600A5CD5D /* main.m in Sources */ = {isa = PBXBuildFile; fileRef = B3B64C43193C5E9600A5CD5D /* main.m */; };
		B3B64C48193C5E9600A5CD5D /* AppDelegate.m in Sources */ = {isa = PBXBuildFile; fileRef = B3B64C47193C5E9600A5CD5D /* AppDelegate.m */; };
		B3B64C4B193C5E9600A5CD5D /* Main.storyboard in Resources */ = {isa = PBXBuildFile; fileRef = B3B64C49193C5E9600A5CD5D /* Main.storyboard */; };
		B3B64C4E193C5E9600A5CD5D /* ViewController.m in Sources */ = {isa = PBXBuildFile; fileRef = B3B64C4D193C5E9600A5CD5D /* ViewController.m */; };
		B3B64C50193C5E9600A5CD5D /* Images.xcassets in Resources */ = {isa = PBXBuildFile; fileRef = B3B64C4F193C5E9600A5CD5D /* Images.xcassets */; };
		B3B64C57193C5E9600A5CD5D /* XCTest.framework in Frameworks */ = {isa = PBXBuildFile; fileRef = B3B64C56193C5E9600A5CD5D /* XCTest.framework */; };
		B3B64C58193C5E9600A5CD5D /* Foundation.framework in Frameworks */ = {isa = PBXBuildFile; fileRef = B3B64C37193C5E9600A5CD5D /* Foundation.framework */; };
		B3B64C59193C5E9600A5CD5D /* UIKit.framework in Frameworks */ = {isa = PBXBuildFile; fileRef = B3B64C3B193C5E9600A5CD5D /* UIKit.framework */; };
		B3B64C61193C5E9600A5CD5D /* InfoPlist.strings in Resources */ = {isa = PBXBuildFile; fileRef = B3B64C5F193C5E9600A5CD5D /* InfoPlist.strings */; };
		B3B64C63193C5E9600A5CD5D /* Git_TestTests.m in Sources */ = {isa = PBXBuildFile; fileRef = B3B64C62193C5E9600A5CD5D /* Git_TestTests.m */; };
		B3B64C6E193C611000A5CD5D /* Test.m in Sources */ = {isa = PBXBuildFile; fileRef = B3B64C6D193C611000A5CD5D /* Test.m */; };
/* End PBXBuildFile section */

/* Begin PBXContainerItemProxy section */
		B3B64C5A193C5E9600A5CD5D /* PBXContainerItemProxy */ = {
			isa = PBXContainerItemProxy;
			containerPortal = B3B64C2C193C5E9600A5CD5D /* Project object */;
			proxyType = 1;
			remoteGlobalIDString = B3B64C33193C5E9600A5CD5D;
			remoteInfo = "Git Test";
		};
/* End PBXContainerItemProxy section */

/* Begin PBXFileReference section */
		B3B64C34193C5E9600A5CD5D /* Git Test.app */ = {isa = PBXFileReference; explicitFileType = wrapper.application; includeInIndex = 0; path = "Git Test.app"; sourceTree = BUILT_PRODUCTS_DIR; };
		B3B64C37193C5E9600A5CD5D /* Foundation.framework */ = {isa = PBXFileReference; lastKnownFileType = wrapper.framework; name = Foundation.framework; path = System/Library/Frameworks/Foundation.framework; sourceTree = SDKROOT; };
		B3B64C39193C5E9600A5CD5D /* CoreGraphics.framework */ = {isa = PBXFileReference; lastKnownFileType = wrapper.framework; name = CoreGraphics.framework; path = System/Library/Frameworks/CoreGraphics.framework; sourceTree = SDKROOT; };
		B3B64C3B193C5E9600A5CD5D /* UIKit.framework */ = {isa = PBXFileReference; lastKnownFileType = wrapper.framework; name = UIKit.framework; path = System/Library/Frameworks/UIKit.framework; sourceTree = SDKROOT; };
		B3B64C3F193C5E9600A5CD5D /* Git Test-Info.plist */ = {isa = PBXFileReference; lastKnownFileType = text.plist.xml; path = "Git Test-Info.plist"; sourceTree = "<group>"; };
		B3B64C41193C5E9600A5CD5D /* en */ = {isa = PBXFileReference; lastKnownFileType = text.plist.strings; name = en; path = en.lproj/InfoPlist.strings; sourceTree = "<group>"; };
		B3B64C43193C5E9600A5CD5D /* main.m */ = {isa = PBXFileReference; lastKnownFileType = sourcecode.c.objc; path = main.m; sourceTree = "<group>"; };
		B3B64C45193C5E9600A5CD5D /* Git Test-Prefix.pch */ = {isa = PBXFileReference; lastKnownFileType = sourcecode.c.h; path = "Git Test-Prefix.pch"; sourceTree = "<group>"; };
		B3B64C46193C5E9600A5CD5D /* AppDelegate.h */ = {isa = PBXFileReference; lastKnownFileType = sourcecode.c.h; path = AppDelegate.h; sourceTree = "<group>"; };
		B3B64C47193C5E9600A5CD5D /* AppDelegate.m */ = {isa = PBXFileReference; lastKnownFileType = sourcecode.c.objc; path = AppDelegate.m; sourceTree = "<group>"; };
		B3B64C4A193C5E9600A5CD5D /* Base */ = {isa = PBXFileReference; lastKnownFileType = file.storyboard; name = Base; path = Base.lproj/Main.storyboard; sourceTree = "<group>"; };
		B3B64C4C193C5E9600A5CD5D /* ViewController.h */ = {isa = PBXFileReference; lastKnownFileType = sourcecode.c.h; path = ViewController.h; sourceTree = "<group>"; };
		B3B64C4D193C5E9600A5CD5D /* ViewController.m */ = {isa = PBXFileReference; lastKnownFileType = sourcecode.c.objc; path = ViewController.m; sourceTree = "<group>"; };
		B3B64C4F193C5E9600A5CD5D /* Images.xcassets */ = {isa = PBXFileReference; lastKnownFileType = folder.assetcatalog; path = Images.xcassets; sourceTree = "<group>"; };
		B3B64C55193C5E9600A5CD5D /* Git TestTests.xctest */ = {isa = PBXFileReference; explicitFileType = wrapper.cfbundle; includeInIndex = 0; path = "Git TestTests.xctest"; sourceTree = BUILT_PRODUCTS_DIR; };
		B3B64C56193C5E9600A5CD5D /* XCTest.framework */ = {isa = PBXFileReference; lastKnownFileType = wrapper.framework; name = XCTest.framework; path = Library/Frameworks/XCTest.framework; sourceTree = DEVELOPER_DIR; };
		B3B64C5E193C5E9600A5CD5D /* Git TestTests-Info.plist */ = {isa = PBXFileReference; lastKnownFileType = text.plist.xml; path = "Git TestTests-Info.plist"; sourceTree = "<group>"; };
		B3B64C60193C5E9600A5CD5D /* en */ = {isa = PBXFileReference; lastKnownFileType = text.plist.strings; name = en; path = en.lproj/InfoPlist.strings; sourceTree = "<group>"; };
		B3B64C62193C5E9600A5CD5D /* Git_TestTests.m */ = {isa = PBXFileReference; lastKnownFileType = sourcecode.c.objc; path = Git_TestTests.m; sourceTree = "<group>"; };
		B3B64C6C193C611000A5CD5D /* Test.h */ = {isa = PBXFileReference; fileEncoding = 4; lastKnownFileType = sourcecode.c.h; path = Test.h; sourceTree = "<group>"; };
		B3B64C6D193C611000A5CD5D /* Test.m */ = {isa = PBXFileReference; fileEncoding = 4; lastKnownFileType = sourcecode.c.objc; path = Test.m; sourceTree = "<group>"; };
/* End PBXFileReference section */

/* Begin PBXFrameworksBuildPhase section */
		B3B64C31193C5E9600A5CD5D /* Frameworks */ = {
			isa = PBXFrameworksBuildPhase;
			buildActionMask = 2147483647;
			files = (
				B3B64C3A193C5E9600A5CD5D /* CoreGraphics.framework in Frameworks */,
				B3B64C3C193C5E9600A5CD5D /* UIKit.framework in Frameworks */,
				B3B64C38193C5E9600A5CD5D /* Foundation.framework in Frameworks */,
			);
			runOnlyForDeploymentPostprocessing = 0;
		};
		B3B64C52193C5E9600A5CD5D /* Frameworks */ = {
			isa = PBXFrameworksBuildPhase;
			buildActionMask = 2147483647;
			files = (
				B3B64C57193C5E9600A5CD5D /* XCTest.framework in Frameworks */,
				B3B64C59193C5E9600A5CD5D /* UIKit.framework in Frameworks */,
				B3B64C58193C5E9600A5CD5D /* Foundation.framework in Frameworks */,
			);
			runOnlyForDeploymentPostprocessing = 0;
		};
/* End PBXFrameworksBuildPhase section */

/* Begin PBXGroup section */
		B3B64C2B193C5E9600A5CD5D = {
			isa = PBXGroup;
			children = (
				B3B64C3D193C5E9600A5CD5D /* Git Test */,
				B3B64C5C193C5E9600A5CD5D /* Git TestTests */,
				B3B64C36193C5E9600A5CD5D /* Frameworks */,
				B3B64C35193C5E9600A5CD5D /* Products */,
			);
			sourceTree = "<group>";
		};
		B3B64C35193C5E9600A5CD5D /* Products */ = {
			isa = PBXGroup;
			children = (
				B3B64C34193C5E9600A5CD5D /* Git Test.app */,
				B3B64C55193C5E9600A5CD5D /* Git TestTests.xctest */,
			);
			name = Products;
			sourceTree = "<group>";
		};
		B3B64C36193C5E9600A5CD5D /* Frameworks */ = {
			isa = PBXGroup;
			children = (
				B3B64C37193C5E9600A5CD5D /* Foundation.framework */,
				B3B64C39193C5E9600A5CD5D /* CoreGraphics.framework */,
				B3B64C3B193C5E9600A5CD5D /* UIKit.framework */,
				B3B64C56193C5E9600A5CD5D /* XCTest.framework */,
			);
			name = Frameworks;
			sourceTree = "<group>";
		};
		B3B64C3D193C5E9600A5CD5D /* Git Test */ = {
			isa = PBXGroup;
			children = (
				B3B64C46193C5E9600A5CD5D /* AppDelegate.h */,
				B3B64C47193C5E9600A5CD5D /* AppDelegate.m */,
				B3B64C49193C5E9600A5CD5D /* Main.storyboard */,
				B3B64C4C193C5E9600A5CD5D /* ViewController.h */,
				B3B64C4D193C5E9600A5CD5D /* ViewController.m */,
				B3B64C6C193C611000A5CD5D /* Test.h */,
				B3B64C6D193C611000A5CD5D /* Test.m */,
				B3B64C4F193C5E9600A5CD5D /* Images.xcassets */,
				B3B64C3E193C5E9600A5CD5D /* Supporting Files */,
			);
			path = "Git Test";
			sourceTree = "<group>";
		};
		B3B64C3E193C5E9600A5CD5D /* Supporting Files */ = {
			isa = PBXGroup;
			children = (
				B3B64C3F193C5E9600A5CD5D /* Git Test-Info.plist */,
				B3B64C40193C5E9600A5CD5D /* InfoPlist.strings */,
				B3B64C43193C5E9600A5CD5D /* main.m */,
				B3B64C45193C5E9600A5CD5D /* Git Test-Prefix.pch */,
			);
			name = "Supporting Files";
			sourceTree = "<group>";
		};
		B3B64C5C193C5E9600A5CD5D /* Git TestTests */ = {
			isa = PBXGroup;
			children = (
				B3B64C62193C5E9600A5CD5D /* Git_TestTests.m */,
				B3B64C5D193C5E9600A5CD5D /* Supporting Files */,
			);
			path = "Git TestTests";
			sourceTree = "<group>";
		};
		B3B64C5D193C5E9600A5CD5D /* Supporting Files */ = {
			isa = PBXGroup;
			children = (
				B3B64C5E193C5E9600A5CD5D /* Git TestTests-Info.plist */,
				B3B64C5F193C5E9600A5CD5D /* InfoPlist.strings */,
			);
			name = "Supporting Files";
			sourceTree = "<group>";
		};
/* End PBXGroup section */

/* Begin PBXNativeTarget section */
		B3B64C33193C5E9600A5CD5D /* Git Test */ = {
			isa = PBXNativeTarget;
			buildConfigurationList = B3B64C66193C5E9600A5CD5D /* Build configuration list for PBXNativeTarget "Git Test" */;
			buildPhases = (
				B3B64C30193C5E9600A5CD5D /* Sources */,
				B3B64C31193C5E9600A5CD5D /* Frameworks */,
				B3B64C32193C5E9600A5CD5D /* Resources */,
			);
			buildRules = (
			);
			dependencies = (
			);
			name = "Git Test";
			productName = "Git Test";
			productReference = B3B64C34193C5E9600A5CD5D /* Git Test.app */;
			productType = "com.apple.product-type.application";
		};
		B3B64C54193C5E9600A5CD5D /* Git TestTests */ = {
			isa = PBXNativeTarget;
			buildConfigurationList = B3B64C69193C5E9600A5CD5D /* Build configuration list for PBXNativeTarget "Git TestTests" */;
			buildPhases = (
				B3B64C51193C5E9600A5CD5D /* Sources */,
				B3B64C52193C5E9600A5CD5D /* Frameworks */,
				B3B64C53193C5E9600A5CD5D /* Resources */,
			);
			buildRules = (
			);
			dependencies = (
				B3B64C5B193C5E9600A5CD5D /* PBXTargetDependency */,
			);
			name = "Git TestTests";
			productName = "Git TestTests";
			productReference = B3B64C55193C5E9600A5CD5D /* Git TestTests.xctest */;
			productType = "com.apple.product-type.bundle.unit-test";
		};
/* End PBXNativeTarget section */

/* Begin PBXProject section */
		B3B64C2C193C5E9600A5CD5D /* Project object */ = {
			isa = PBXProject;
			attributes = {
				LastUpgradeCheck = 0510;
				ORGANIZATIONNAME = "Bluemoon Studios";
				TargetAttributes = {
					B3B64C54193C5E9600A5CD5D = {
						TestTargetID = B3B64C33193C5E9600A5CD5D;
					};
				};
			};
			buildConfigurationList = B3B64C2F193C5E9600A5CD5D /* Build configuration list for PBXProject "Git Test" */;
			compatibilityVersion = "Xcode 3.2";
			developmentRegion = English;
			hasScannedForEncodings = 0;
			knownRegions = (
				en,
				Base,
			);
			mainGroup = B3B64C2B193C5E9600A5CD5D;
			productRefGroup = B3B64C35193C5E9600A5CD5D /* Products */;
			projectDirPath = "";
			projectRoot = "";
			targets = (
				B3B64C33193C5E9600A5CD5D /* Git Test */,
				B3B64C54193C5E9600A5CD5D /* Git TestTests */,
			);
		};
/* End PBXProject section */

/* Begin PBXResourcesBuildPhase section */
		B3B64C32193C5E9600A5CD5D /* Resources */ = {
			isa = PBXResourcesBuildPhase;
			buildActionMask = 2147483647;
			files = (
				B3B64C50193C5E9600A5CD5D /* Images.xcassets in Resources */,
				B3B64C42193C5E9600A5CD5D /* InfoPlist.strings in Resources */,
				B3B64C4B193C5E9600A5CD5D /* Main.storyboard in Resources */,
			);
			runOnlyForDeploymentPostprocessing = 0;
		};
		B3B64C53193C5E9600A5CD5D /* Resources */ = {
			isa = PBXResourcesBuildPhase;
			buildActionMask = 2147483647;
			files = (
				B3B64C61193C5E9600A5CD5D /* InfoPlist.strings in Resources */,
			);
			runOnlyForDeploymentPostprocessing = 0;
		};
/* End PBXResourcesBuildPhase section */

/* Begin PBXSourcesBuildPhase section */
		B3B64C30193C5E9600A5CD5D /* Sources */ = {
			isa = PBXSourcesBuildPhase;
			buildActionMask = 2147483647;
			files = (
				B3B64C4E193C5E9600A5CD5D /* ViewController.m in Sources */,
				B3B64C6E193C611000A5CD5D /* Test.m in Sources */,
				B3B64C48193C5E9600A5CD5D /* AppDelegate.m in Sources */,
				B3B64C44193C5E9600A5CD5D /* main.m in Sources */,
			);
			runOnlyForDeploymentPostprocessing = 0;
		};
		B3B64C51193C5E9600A5CD5D /* Sources */ = {
			isa = PBXSourcesBuildPhase;
			buildActionMask = 2147483647;
			files = (
				B3B64C63193C5E9600A5CD5D /* Git_TestTests.m in Sources */,
			);
			runOnlyForDeploymentPostprocessing = 0;
		};
/* End PBXSourcesBuildPhase section */

/* Begin PBXTargetDependency section */
		B3B64C5B193C5E9600A5CD5D /* PBXTargetDependency */ = {
			isa = PBXTargetDependency;
			target = B3B64C33193C5E9600A5CD5D /* Git Test */;
			targetProxy = B3B64C5A193C5E9600A5CD5D /* PBXContainerItemProxy */;
		};
/* End PBXTargetDependency section */

/* Begin PBXVariantGroup section */
		B3B64C40193C5E9600A5CD5D /* InfoPlist.strings */ = {
			isa = PBXVariantGroup;
			children = (
				B3B64C41193C5E9600A5CD5D /* en */,
			);
			name = InfoPlist.strings;
			sourceTree = "<group>";
		};
		B3B64C49193C5E9600A5CD5D /* Main.storyboard */ = {
			isa = PBXVariantGroup;
			children = (
				B3B64C4A193C5E9600A5CD5D /* Base */,
			);
			name = Main.storyboard;
			sourceTree = "<group>";
		};
		B3B64C5F193C5E9600A5CD5D /* InfoPlist.strings */ = {
			isa = PBXVariantGroup;
			children = (
				B3B64C60193C5E9600A5CD5D /* en */,
			);
			name = InfoPlist.strings;
			sourceTree = "<group>";
		};
/* End PBXVariantGroup section */

/* Begin XCBuildConfiguration section */
		B3B64C64193C5E9600A5CD5D /* Debug */ = {
			isa = XCBuildConfiguration;
			buildSettings = {
				ALWAYS_SEARCH_USER_PATHS = NO;
				CLANG_CXX_LANGUAGE_STANDARD = "gnu++0x";
				CLANG_CXX_LIBRARY = "libc++";
				CLANG_ENABLE_MODULES = YES;
				CLANG_ENABLE_OBJC_ARC = YES;
				CLANG_WARN_BOOL_CONVERSION = YES;
				CLANG_WARN_CONSTANT_CONVERSION = YES;
				CLANG_WARN_DIRECT_OBJC_ISA_USAGE = YES_ERROR;
				CLANG_WARN_EMPTY_BODY = YES;
				CLANG_WARN_ENUM_CONVERSION = YES;
				CLANG_WARN_INT_CONVERSION = YES;
				CLANG_WARN_OBJC_ROOT_CLASS = YES_ERROR;
				CLANG_WARN__DUPLICATE_METHOD_MATCH = YES;
				"CODE_SIGN_IDENTITY[sdk=iphoneos*]" = "iPhone Developer";
				COPY_PHASE_STRIP = NO;
				GCC_C_LANGUAGE_STANDARD = gnu99;
				GCC_DYNAMIC_NO_PIC = NO;
				GCC_OPTIMIZATION_LEVEL = 0;
				GCC_PREPROCESSOR_DEFINITIONS = (
					"DEBUG=1",
					"$(inherited)",
				);
				GCC_SYMBOLS_PRIVATE_EXTERN = NO;
				GCC_WARN_64_TO_32_BIT_CONVERSION = YES;
				GCC_WARN_ABOUT_RETURN_TYPE = YES_ERROR;
				GCC_WARN_UNDECLARED_SELECTOR = YES;
				GCC_WARN_UNINITIALIZED_AUTOS = YES_AGGRESSIVE;
				GCC_WARN_UNUSED_FUNCTION = YES;
				GCC_WARN_UNUSED_VARIABLE = YES;
				IPHONEOS_DEPLOYMENT_TARGET = 7.1;
				ONLY_ACTIVE_ARCH = YES;
				SDKROOT = iphoneos;
			};
			name = Debug;
		};
		B3B64C65193C5E9600A5CD5D /* Release */ = {
			isa = XCBuildConfiguration;
			buildSettings = {
				ALWAYS_SEARCH_USER_PATHS = NO;
				CLANG_CXX_LANGUAGE_STANDARD = "gnu++0x";
				CLANG_CXX_LIBRARY = "libc++";
				CLANG_ENABLE_MODULES = YES;
				CLANG_ENABLE_OBJC_ARC = YES;
				CLANG_WARN_BOOL_CONVERSION = YES;
				CLANG_WARN_CONSTANT_CONVERSION = YES;
				CLANG_WARN_DIRECT_OBJC_ISA_USAGE = YES_ERROR;
				CLANG_WARN_EMPTY_BODY = YES;
				CLANG_WARN_ENUM_CONVERSION = YES;
				CLANG_WARN_INT_CONVERSION = YES;
				CLANG_WARN_OBJC_ROOT_CLASS = YES_ERROR;
				CLANG_WARN__DUPLICATE_METHOD_MATCH = YES;
				"CODE_SIGN_IDENTITY[sdk=iphoneos*]" = "iPhone Developer";
				COPY_PHASE_STRIP = YES;
				ENABLE_NS_ASSERTIONS = NO;
				GCC_C_LANGUAGE_STANDARD = gnu99;
				GCC_WARN_64_TO_32_BIT_CONVERSION = YES;
				GCC_WARN_ABOUT_RETURN_TYPE = YES_ERROR;
				GCC_WARN_UNDECLARED_SELECTOR = YES;
				GCC_WARN_UNINITIALIZED_AUTOS = YES_AGGRESSIVE;
				GCC_WARN_UNUSED_FUNCTION = YES;
				GCC_WARN_UNUSED_VARIABLE = YES;
				IPHONEOS_DEPLOYMENT_TARGET = 7.1;
				SDKROOT = iphoneos;
				VALIDATE_PRODUCT = YES;
			};
			name = Release;
		};
		B3B64C67193C5E9600A5CD5D /* Debug */ = {
			isa = XCBuildConfiguration;
			buildSettings = {
				ASSETCATALOG_COMPILER_APPICON_NAME = AppIcon;
				ASSETCATALOG_COMPILER_LAUNCHIMAGE_NAME = LaunchImage;
				GCC_PRECOMPILE_PREFIX_HEADER = YES;
				GCC_PREFIX_HEADER = "Git Test/Git Test-Prefix.pch";
				INFOPLIST_FILE = "Git Test/Git Test-Info.plist";
				PRODUCT_NAME = "$(TARGET_NAME)";
				WRAPPER_EXTENSION = app;
			};
			name = Debug;
		};
		B3B64C68193C5E9600A5CD5D /* Release */ = {
			isa = XCBuildConfiguration;
			buildSettings = {
				ASSETCATALOG_COMPILER_APPICON_NAME = AppIcon;
				ASSETCATALOG_COMPILER_LAUNCHIMAGE_NAME = LaunchImage;
				GCC_PRECOMPILE_PREFIX_HEADER = YES;
				GCC_PREFIX_HEADER = "Git Test/Git Test-Prefix.pch";
				INFOPLIST_FILE = "Git Test/Git Test-Info.plist";
				PRODUCT_NAME = "$(TARGET_NAME)";
				WRAPPER_EXTENSION = app;
			};
			name = Release;
		};
		B3B64C6A193C5E9600A5CD5D /* Debug */ = {
			isa = XCBuildConfiguration;
			buildSettings = {
				BUNDLE_LOADER = "$(BUILT_PRODUCTS_DIR)/Git Test.app/Git Test";
				FRAMEWORK_SEARCH_PATHS = (
					"$(SDKROOT)/Developer/Library/Frameworks",
					"$(inherited)",
					"$(DEVELOPER_FRAMEWORKS_DIR)",
				);
				GCC_PRECOMPILE_PREFIX_HEADER = YES;
				GCC_PREFIX_HEADER = "Git Test/Git Test-Prefix.pch";
				GCC_PREPROCESSOR_DEFINITIONS = (
					"DEBUG=1",
					"$(inherited)",
				);
				INFOPLIST_FILE = "Git TestTests/Git TestTests-Info.plist";
				PRODUCT_NAME = "$(TARGET_NAME)";
				TEST_HOST = "$(BUNDLE_LOADER)";
				WRAPPER_EXTENSION = xctest;
			};
			name = Debug;
		};
		B3B64C6B193C5E9600A5CD5D /* Release */ = {
			isa = XCBuildConfiguration;
			buildSettings = {
				BUNDLE_LOADER = "$(BUILT_PRODUCTS_DIR)/Git Test.app/Git Test";
				FRAMEWORK_SEARCH_PATHS = (
					"$(SDKROOT)/Developer/Library/Frameworks",
					"$(inherited)",
					"$(DEVELOPER_FRAMEWORKS_DIR)",
				);
				GCC_PRECOMPILE_PREFIX_HEADER = YES;
				GCC_PREFIX_HEADER = "Git Test/Git Test-Prefix.pch";
				INFOPLIST_FILE = "Git TestTests/Git TestTests-Info.plist";
				PRODUCT_NAME = "$(TARGET_NAME)";
				TEST_HOST = "$(BUNDLE_LOADER)";
				WRAPPER_EXTENSION = xctest;
			};
			name = Release;
		};
/* End XCBuildConfiguration section */

/* Begin XCConfigurationList section */
		B3B64C2F193C5E9600A5CD5D /* Build configuration list for PBXProject "Git Test" */ = {
			isa = XCConfigurationList;
			buildConfigurations = (
				B3B64C64193C5E9600A5CD5D /* Debug */,
				B3B64C65193C5E9600A5CD5D /* Release */,
			);
			defaultConfigurationIsVisible = 0;
			defaultConfigurationName = Release;
		};
		B3B64C66193C5E9600A5CD5D /* Build configuration list for PBXNativeTarget "Git Test" */ = {
			isa = XCConfigurationList;
			buildConfigurations = (
				B3B64C67193C5E9600A5CD5D /* Debug */,
				B3B64C68193C5E9600A5CD5D /* Release */,
			);
			defaultConfigurationIsVisible = 0;
		};
		B3B64C69193C5E9600A5CD5D /* Build configuration list for PBXNativeTarget "Git TestTests" */ = {
			isa = XCConfigurationList;
			buildConfigurations = (
				B3B64C6A193C5E9600A5CD5D /* Debug */,
				B3B64C6B193C5E9600A5CD5D /* Release */,
			);
			defaultConfigurationIsVisible = 0;
		};
/* End XCConfigurationList section */
	};
	rootObject = B3B64C2C193C5E9600A5CD5D /* Project object */;
}
